
Microsoft Visual Studio Solution File, Format Version 12.00
# Visual Studio Version 17
VisualStudioVersion = 17.9.34701.34
MinimumVisualStudioVersion = 10.0.40219.1
Project("{FAE04EC0-301F-11D3-BF4B-00C04F79EFBC}") = "BletchleyBreaker.Web", "BletchleyBreaker.Web\BletchleyBreaker.Web.csproj", "{08D259E2-6E6D-416A-BD29-D1C761C4F504}"
EndProject
Global
	GlobalSection(SolutionConfigurationPlatforms) = preSolution
		Debug|Any CPU = Debug|Any CPU
		Release|Any CPU = Release|Any CPU
	EndGlobalSection
	GlobalSection(ProjectConfigurationPlatforms) = postSolution
		{08D259E2-6E6D-416A-BD29-D1C761C4F504}.Debug|Any CPU.ActiveCfg = Debug|Any CPU
		{08D259E2-6E6D-416A-BD29-D1C761C4F504}.Debug|Any CPU.Build.0 = Debug|Any CPU
		{08D259E2-6E6D-416A-BD29-D1C761C4F504}.Release|Any CPU.ActiveCfg = Release|Any CPU
		{08D259E2-6E6D-416A-BD29-D1C761C4F504}.Release|Any CPU.Build.0 = Release|Any CPU
	EndGlobalSection
	GlobalSection(SolutionProperties) = preSolution
		HideSolutionNode = FALSE
	EndGlobalSection
	GlobalSection(ExtensibilityGlobals) = postSolution
		SolutionGuid = {F88EA627-A510-4AD7-876D-37285C3001E9}
	EndGlobalSection
EndGlobal
